
Microsoft Visual Studio Solution File, Format Version 12.00
# Visual Studio Version 17
VisualStudioVersion = 17.3.32901.215
MinimumVisualStudioVersion = 10.0.40219.1
Project("{FAE04EC0-301F-11D3-BF4B-00C04F79EFBC}") = "Практическая работа 1", "Практическая работа 1\Практическая работа 1.csproj", "{13374A5A-9FA8-4949-A3C1-5F47E8003AB2}"
EndProject
Global
	GlobalSection(SolutionConfigurationPlatforms) = preSolution
		Debug|Any CPU = Debug|Any CPU
		Release|Any CPU = Release|Any CPU
	EndGlobalSection
	GlobalSection(ProjectConfigurationPlatforms) = postSolution
		{13374A5A-9FA8-4949-A3C1-5F47E8003AB2}.Debug|Any CPU.ActiveCfg = Debug|Any CPU
		{13374A5A-9FA8-4949-A3C1-5F47E8003AB2}.Debug|Any CPU.Build.0 = Debug|Any CPU
		{13374A5A-9FA8-4949-A3C1-5F47E8003AB2}.Release|Any CPU.ActiveCfg = Release|Any CPU
		{13374A5A-9FA8-4949-A3C1-5F47E8003AB2}.Release|Any CPU.Build.0 = Release|Any CPU
	EndGlobalSection
	GlobalSection(SolutionProperties) = preSolution
		HideSolutionNode = FALSE
	EndGlobalSection
	GlobalSection(ExtensibilityGlobals) = postSolution
		SolutionGuid = {7C363DAA-2851-404D-B493-922AF250E57E}
	EndGlobalSection
EndGlobal
